{
  "requires": true,
  "lockfileVersion": 1,
  "dependencies": {
    "@babel/runtime": {
      "version": "7.17.9",
      "resolved": "https://registry.npmjs.org/@babel/runtime/-/runtime-7.17.9.tgz",
      "integrity": "sha512-lSiBBvodq29uShpWGNbgFdKYNiFDo5/HIYsaCEY9ff4sb10x9jizo2+pRrSyF4jKZCXqgzuqBOQKbUm90gQwJg==",
      "requires": {
        "regenerator-runtime": "^0.13.4"
      }
    },
    "automation-events": {
      "version": "4.0.16",
      "resolved": "https://registry.npmjs.org/automation-events/-/automation-events-4.0.16.tgz",
      "integrity": "sha512-8mIkcXzjyisUaw2O9HC80wOHscEPPD/ROrh/rEKN2B3VJzt3YJH5w0LcpUHyzprqV24HR0eTCelSKoei1FGg1A==",
      "requires": {
        "@babel/runtime": "^7.17.9",
        "tslib": "^2.4.0"
      }
    },
    "broker-factory": {
      "version": "3.0.61",
      "resolved": "https://registry.npmjs.org/broker-factory/-/broker-factory-3.0.61.tgz",
      "integrity": "sha512-ns5dmQLu1f5dankjVH5HbrKcif7g0+RSm4na++gcMShn73KG5ZNq1gbZjrD1pJc8/et4cqu4ouf3FDrmKh0t6Q==",
      "requires": {
        "@babel/runtime": "^7.17.9",
        "fast-unique-numbers": "^6.0.15",
        "tslib": "^2.4.0",
        "worker-factory": "^6.0.61"
      }
    },
    "compilerr": {
      "version": "9.0.15",
      "resolved": "https://registry.npmjs.org/compilerr/-/compilerr-9.0.15.tgz",
      "integrity": "sha512-x1Xpp4+g4LdvipYpiQD8qXPn4rRZ7C4halnvTTfc+8y1t3AIFRhHh4mDDX9ikQ3FImYDbZ7m6AjsFWGVhe1j5A==",
      "requires": {
        "@babel/runtime": "^7.17.9",
        "dashify": "^2.0.0",
        "indefinite-article": "0.0.2",
        "tslib": "^2.4.0"
      }
    },
    "dashify": {
      "version": "2.0.0",
      "resolved": "https://registry.npmjs.org/dashify/-/dashify-2.0.0.tgz",
      "integrity": "sha512-hpA5C/YrPjucXypHPPc0oJ1l9Hf6wWbiOL7Ik42cxnsUOhWiCB/fylKbKqqJalW9FgkNQCw16YO8uW9Hs0Iy1A=="
    },
    "extendable-media-recorder": {
      "version": "6.6.5",
      "resolved": "https://registry.npmjs.org/extendable-media-recorder/-/extendable-media-recorder-6.6.5.tgz",
      "integrity": "sha512-aK30tMW0Qe4YVwvOAoARM8XvHgV9b4WMnnN+jp28PrBt5gzaIyW2eniRCFgeqByVyR3PXrMH5HZoZHitWzc0Ng==",
      "requires": {
        "@babel/runtime": "^7.17.9",
        "media-encoder-host": "^8.0.70",
        "multi-buffer-data-view": "^3.0.16",
        "recorder-audio-worklet": "^5.1.22",
        "standardized-audio-context": "^25.3.24",
        "subscribable-things": "^2.1.2",
        "tslib": "^2.4.0"
      }
    },
    "extendable-media-recorder-wav-encoder": {
      "version": "7.0.68",
      "resolved": "https://registry.npmjs.org/extendable-media-recorder-wav-encoder/-/extendable-media-recorder-wav-encoder-7.0.68.tgz",
      "integrity": "sha512-TAjqUzp9CCTe48asy6EDnCyHepAEKivpUdPlBYzLjuMwSaLtriASbhLX+e7u81E6WnjZAHxvu4CHCYTZ/IFoUg==",
      "requires": {
        "@babel/runtime": "^7.17.9",
        "extendable-media-recorder-wav-encoder-broker": "^7.0.62",
        "extendable-media-recorder-wav-encoder-worker": "^8.0.61",
        "tslib": "^2.4.0"
      }
    },
    "extendable-media-recorder-wav-encoder-broker": {
      "version": "7.0.62",
      "resolved": "https://registry.npmjs.org/extendable-media-recorder-wav-encoder-broker/-/extendable-media-recorder-wav-encoder-broker-7.0.62.tgz",
      "integrity": "sha512-OiwXwlOdUndvFP/paAwZ0Y+gVLSzUVX28ag5pFv4+S9Rg1Kum2CeeZGHVUoeaHQ8WMCeJevna1EzQ9oOtWwwlw==",
      "requires": {
        "@babel/runtime": "^7.17.9",
        "broker-factory": "^3.0.61",
        "extendable-media-recorder-wav-encoder-worker": "^8.0.61",
        "tslib": "^2.4.0"
      }
    },
    "extendable-media-recorder-wav-encoder-worker": {
      "version": "8.0.61",
      "resolved": "https://registry.npmjs.org/extendable-media-recorder-wav-encoder-worker/-/extendable-media-recorder-wav-encoder-worker-8.0.61.tgz",
      "integrity": "sha512-WQsdAMOldjJQJsJHW+/4gLtiNDn/XNmaBRpfnit2hR055VIym/3cwD4yosWz07KiKoxXU6eHycRB2fPNiL9PfQ==",
      "requires": {
        "@babel/runtime": "^7.17.9",
        "tslib": "^2.4.0",
        "worker-factory": "^6.0.61"
      }
    },
    "fast-unique-numbers": {
      "version": "6.0.15",
      "resolved": "https://registry.npmjs.org/fast-unique-numbers/-/fast-unique-numbers-6.0.15.tgz",
      "integrity": "sha512-WcGw5cmMdBBx7v2RmEwSHjaVzHjpfkjZuAEE1H3eyZNeOyPeKOmgwDzKt1cUq9ckpz4ZpxozDDki77FOF51n7g==",
      "requires": {
        "@babel/runtime": "^7.17.9",
        "tslib": "^2.4.0"
      }
    },
    "indefinite-article": {
      "version": "0.0.2",
      "resolved": "https://registry.npmjs.org/indefinite-article/-/indefinite-article-0.0.2.tgz",
      "integrity": "sha1-S8hVJXBmz6th6mi+unXRANbiUGs="
    },
    "media-encoder-host": {
      "version": "8.0.70",
      "resolved": "https://registry.npmjs.org/media-encoder-host/-/media-encoder-host-8.0.70.tgz",
      "integrity": "sha512-mNymonSFpzbU9lSGGjzy+iWuW5n6/VEDpA5o76uqPScO6iQdzZCtJyr0BgbmZr4GIKLzuXrvRREsx6g9V9utrg==",
      "requires": {
        "@babel/runtime": "^7.17.9",
        "media-encoder-host-broker": "^7.0.62",
        "media-encoder-host-worker": "^9.0.62",
        "tslib": "^2.4.0"
      }
    },
    "media-encoder-host-broker": {
      "version": "7.0.62",
      "resolved": "https://registry.npmjs.org/media-encoder-host-broker/-/media-encoder-host-broker-7.0.62.tgz",
      "integrity": "sha512-dfMYczE5ZQ2iTP4afN1fxxtRLGNVx2OPaMTJ+/+eBpe1rHQc4k4KC31y6bOovRvqX/Av1I21AlRGMEz1dpThZA==",
      "requires": {
        "@babel/runtime": "^7.17.9",
        "broker-factory": "^3.0.61",
        "fast-unique-numbers": "^6.0.15",
        "media-encoder-host-worker": "^9.0.62",
        "tslib": "^2.4.0"
      }
    },
    "media-encoder-host-worker": {
      "version": "9.0.62",
      "resolved": "https://registry.npmjs.org/media-encoder-host-worker/-/media-encoder-host-worker-9.0.62.tgz",
      "integrity": "sha512-4jNR8/MV48h2HwVjftcHEDwhmoZMDn9g8474YO3hQlL+hgousdmzUY9WJg1gnxZUGrOKO7vMwa68NXhkp2StJA==",
      "requires": {
        "@babel/runtime": "^7.17.9",
        "extendable-media-recorder-wav-encoder-broker": "^7.0.62",
        "tslib": "^2.4.0",
        "worker-factory": "^6.0.61"
      }
    },
    "multi-buffer-data-view": {
      "version": "3.0.16",
      "resolved": "https://registry.npmjs.org/multi-buffer-data-view/-/multi-buffer-data-view-3.0.16.tgz",
      "integrity": "sha512-qgoVuop4RGk75PN+E3XB1RCCLyaIZIFW4EmQ9Wy1knsc4gks2MsCh2wYNw2qiefJjq5cNhkBm7BBFKOjjEhciA==",
      "requires": {
        "@babel/runtime": "^7.17.9",
        "tslib": "^2.4.0"
      }
    },
    "react-media-recorder": {
      "version": "1.6.6",
      "resolved": "https://registry.npmjs.org/react-media-recorder/-/react-media-recorder-1.6.6.tgz",
      "integrity": "sha512-VdC4bUINMWJyqOAHw1DaZ8HZhdCyVBK85zJ4cHMo9tsrekui3wq5ZxNtBmNe6nbAFQBTNj/pRnLEsiVrCW+TNQ==",
      "requires": {
        "extendable-media-recorder": "^6.6.5",
        "extendable-media-recorder-wav-encoder": "^7.0.68"
      }
    },
    "recorder-audio-worklet": {
      "version": "5.1.22",
      "resolved": "https://registry.npmjs.org/recorder-audio-worklet/-/recorder-audio-worklet-5.1.22.tgz",
      "integrity": "sha512-H9Poo3m7lT6ocgGpyUiHD6F4dDI+NQPBRyaHnOMJUwKVhSSs5jKvlrQE9ohhGXCyZS6+0Eu2miCbciXsYX4rMA==",
      "requires": {
        "@babel/runtime": "^7.17.9",
        "broker-factory": "^3.0.61",
        "fast-unique-numbers": "^6.0.15",
        "recorder-audio-worklet-processor": "^4.2.10",
        "standardized-audio-context": "^25.3.24",
        "subscribable-things": "^2.1.2",
        "tslib": "^2.4.0",
        "worker-factory": "^6.0.61"
      }
    },
    "recorder-audio-worklet-processor": {
      "version": "4.2.10",
      "resolved": "https://registry.npmjs.org/recorder-audio-worklet-processor/-/recorder-audio-worklet-processor-4.2.10.tgz",
      "integrity": "sha512-2CwIl/7oE5Kna2kvLJnyHbnj0cdbEusVJcXFMzAMaz9ub+itXHfzTcQJEjE2FbM0iDSscp8LOzo+yiFHIzZ5oQ==",
      "requires": {
        "@babel/runtime": "^7.17.9",
        "tslib": "^2.4.0"
      }
    },
    "regenerator-runtime": {
      "version": "0.13.9",
      "resolved": "https://registry.npmjs.org/regenerator-runtime/-/regenerator-runtime-0.13.9.tgz",
      "integrity": "sha512-p3VT+cOEgxFsRRA9X4lkI1E+k2/CtnKtU4gcxyaCUreilL/vqI6CdZ3wxVUx3UOUg+gnUOQQcRI7BmSI656MYA=="
    },
    "rxjs-interop": {
      "version": "2.0.0",
      "resolved": "https://registry.npmjs.org/rxjs-interop/-/rxjs-interop-2.0.0.tgz",
      "integrity": "sha512-ASEq9atUw7lualXB+knvgtvwkCEvGWV2gDD/8qnASzBkzEARZck9JAyxmY8OS6Nc1pCPEgDTKNcx+YqqYfzArw=="
    },
    "standardized-audio-context": {
      "version": "25.3.24",
      "resolved": "https://registry.npmjs.org/standardized-audio-context/-/standardized-audio-context-25.3.24.tgz",
      "integrity": "sha512-7/NFOmgSXJojKZHhiMjosT1ajD+OW6i/q8Nej/4SC6mj3DQ70pVeSmWABi9+TckVi+yaHSGgb0EHNApDN7a/dA==",
      "requires": {
        "@babel/runtime": "^7.17.9",
        "automation-events": "^4.0.16",
        "tslib": "^2.4.0"
      }
    },
    "subscribable-things": {
      "version": "2.1.2",
      "resolved": "https://registry.npmjs.org/subscribable-things/-/subscribable-things-2.1.2.tgz",
      "integrity": "sha512-HhPRj+XP+DLeb6iCgoIBCOUkq5sYdpcipzXAZl97B7PBkH5lrL8MhNjTVd5eVHzeTVh1yx5ZdAxYzvF3Lt4mfg==",
      "requires": {
        "@babel/runtime": "^7.17.9",
        "rxjs-interop": "^2.0.0",
        "tslib": "^2.4.0"
      }
    },
    "tslib": {
      "version": "2.4.0",
      "resolved": "https://registry.npmjs.org/tslib/-/tslib-2.4.0.tgz",
      "integrity": "sha512-d6xOpEDfsi2CZVlPQzGeux8XMwLT9hssAsaPYExaQMuYskwb+x1x7J371tWlbBdWHroy99KnVB6qIkUbs5X3UQ=="
    },
    "worker-factory": {
      "version": "6.0.61",
      "resolved": "https://registry.npmjs.org/worker-factory/-/worker-factory-6.0.61.tgz",
      "integrity": "sha512-KaIJitUDCFGIHSnSbEwMYlQGuD+qkI+H5e3LX1lZICmWJdoHovv112f40PgEcrSgROs14ry+3lFhEsU2rqj5iw==",
      "requires": {
        "@babel/runtime": "^7.17.9",
        "compilerr": "^9.0.15",
        "fast-unique-numbers": "^6.0.15",
        "tslib": "^2.4.0"
      }
    }
  }
}
